// !$*UTF8*$!
{
	archiveVersion = 1;
	classes = {
	};
	objectVersion = 50;
	objects = {

/* Begin PBXBuildFile section */
		C04478FF22F0577500C70A9A /* AppDelegate.swift in Sources */ = {isa = PBXBuildFile; fileRef = C04478FE22F0577500C70A9A /* AppDelegate.swift */; };
		C044790122F0577500C70A9A /* ViewController.swift in Sources */ = {isa = PBXBuildFile; fileRef = C044790022F0577500C70A9A /* ViewController.swift */; };
		C044790422F0577500C70A9A /* Main.storyboard in Resources */ = {isa = PBXBuildFile; fileRef = C044790222F0577500C70A9A /* Main.storyboard */; };
		C044790722F0577500C70A9A /* SeatMatchingiOS.xcdatamodeld in Sources */ = {isa = PBXBuildFile; fileRef = C044790522F0577500C70A9A /* SeatMatchingiOS.xcdatamodeld */; };
		C044790922F0577700C70A9A /* Assets.xcassets in Resources */ = {isa = PBXBuildFile; fileRef = C044790822F0577700C70A9A /* Assets.xcassets */; };
		C044790C22F0577700C70A9A /* LaunchScreen.storyboard in Resources */ = {isa = PBXBuildFile; fileRef = C044790A22F0577700C70A9A /* LaunchScreen.storyboard */; };
/* End PBXBuildFile section */

/* Begin PBXFileReference section */
		C04478FB22F0577500C70A9A /* SeatMatchingiOS.app */ = {isa = PBXFileReference; explicitFileType = wrapper.application; includeInIndex = 0; path = SeatMatchingiOS.app; sourceTree = BUILT_PRODUCTS_DIR; };
		C04478FE22F0577500C70A9A /* AppDelegate.swift */ = {isa = PBXFileReference; lastKnownFileType = sourcecode.swift; path = AppDelegate.swift; sourceTree = "<group>"; };
		C044790022F0577500C70A9A /* ViewController.swift */ = {isa = PBXFileReference; lastKnownFileType = sourcecode.swift; path = ViewController.swift; sourceTree = "<group>"; };
		C044790322F0577500C70A9A /* Base */ = {isa = PBXFileReference; lastKnownFileType = file.storyboard; name = Base; path = Base.lproj/Main.storyboard; sourceTree = "<group>"; };
		C044790622F0577500C70A9A /* SeatMatchingiOS.xcdatamodel */ = {isa = PBXFileReference; lastKnownFileType = wrapper.xcdatamodel; path = SeatMatchingiOS.xcdatamodel; sourceTree = "<group>"; };
		C044790822F0577700C70A9A /* Assets.xcassets */ = {isa = PBXFileReference; lastKnownFileType = folder.assetcatalog; path = Assets.xcassets; sourceTree = "<group>"; };
		C044790B22F0577700C70A9A /* Base */ = {isa = PBXFileReference; lastKnownFileType = file.storyboard; name = Base; path = Base.lproj/LaunchScreen.storyboard; sourceTree = "<group>"; };
		C044790D22F0577700C70A9A /* Info.plist */ = {isa = PBXFileReference; lastKnownFileType = text.plist.xml; path = Info.plist; sourceTree = "<group>"; };
/* End PBXFileReference section */

/* Begin PBXFrameworksBuildPhase section */
		C04478F822F0577500C70A9A /* Frameworks */ = {
			isa = PBXFrameworksBuildPhase;
			buildActionMask = 2147483647;
			files = (
			);
			runOnlyForDeploymentPostprocessing = 0;
		};
/* End PBXFrameworksBuildPhase section */

/* Begin PBXGroup section */
		C04478F222F0577500C70A9A = {
			isa = PBXGroup;
			children = (
				C04478FD22F0577500C70A9A /* SeatMatchingiOS */,
				C04478FC22F0577500C70A9A /* Products */,
			);
			sourceTree = "<group>";
		};
		C04478FC22F0577500C70A9A /* Products */ = {
			isa = PBXGroup;
			children = (
				C04478FB22F0577500C70A9A /* SeatMatchingiOS.app */,
			);
			name = Products;
			sourceTree = "<group>";
		};
		C04478FD22F0577500C70A9A /* SeatMatchingiOS */ = {
			isa = PBXGroup;
			children = (
				C04478FE22F0577500C70A9A /* AppDelegate.swift */,
				C044790022F0577500C70A9A /* ViewController.swift */,
				C044790222F0577500C70A9A /* Main.storyboard */,
				C044790822F0577700C70A9A /* Assets.xcassets */,
				C044790A22F0577700C70A9A /* LaunchScreen.storyboard */,
				C044790D22F0577700C70A9A /* Info.plist */,
				C044790522F0577500C70A9A /* SeatMatchingiOS.xcdatamodeld */,
			);
			path = SeatMatchingiOS;
			sourceTree = "<group>";
		};
/* End PBXGroup section */

/* Begin PBXNativeTarget section */
		C04478FA22F0577500C70A9A /* SeatMatchingiOS */ = {
			isa = PBXNativeTarget;
			buildConfigurationList = C044791022F0577700C70A9A /* Build configuration list for PBXNativeTarget "SeatMatchingiOS" */;
			buildPhases = (
				C04478F722F0577500C70A9A /* Sources */,
				C04478F822F0577500C70A9A /* Frameworks */,
				C04478F922F0577500C70A9A /* Resources */,
			);
			buildRules = (
			);
			dependencies = (
			);
			name = SeatMatchingiOS;
			productName = SeatMatchingiOS;
			productReference = C04478FB22F0577500C70A9A /* SeatMatchingiOS.app */;
			productType = "com.apple.product-type.application";
		};
/* End PBXNativeTarget section */

/* Begin PBXProject section */
		C04478F322F0577500C70A9A /* Project object */ = {
			isa = PBXProject;
			attributes = {
				LastSwiftUpdateCheck = 1020;
				LastUpgradeCheck = 1020;
				ORGANIZATIONNAME = yobiduck;
				TargetAttributes = {
					C04478FA22F0577500C70A9A = {
						CreatedOnToolsVersion = 10.2.1;
					};
				};
			};
			buildConfigurationList = C04478F622F0577500C70A9A /* Build configuration list for PBXProject "SeatMatchingiOS" */;
			compatibilityVersion = "Xcode 9.3";
			developmentRegion = en;
			hasScannedForEncodings = 0;
			knownRegions = (
				en,
				Base,
			);
			mainGroup = C04478F222F0577500C70A9A;
			productRefGroup = C04478FC22F0577500C70A9A /* Products */;
			projectDirPath = "";
			projectRoot = "";
			targets = (
				C04478FA22F0577500C70A9A /* SeatMatchingiOS */,
			);
		};
/* End PBXProject section */

/* Begin PBXResourcesBuildPhase section */
		C04478F922F0577500C70A9A /* Resources */ = {
			isa = PBXResourcesBuildPhase;
			buildActionMask = 2147483647;
			files = (
				C044790C22F0577700C70A9A /* LaunchScreen.storyboard in Resources */,
				C044790922F0577700C70A9A /* Assets.xcassets in Resources */,
				C044790422F0577500C70A9A /* Main.storyboard in Resources */,
			);
			runOnlyForDeploymentPostprocessing = 0;
		};
/* End PBXResourcesBuildPhase section */

/* Begin PBXSourcesBuildPhase section */
		C04478F722F0577500C70A9A /* Sources */ = {
			isa = PBXSourcesBuildPhase;
			buildActionMask = 2147483647;
			files = (
				C044790722F0577500C70A9A /* SeatMatchingiOS.xcdatamodeld in Sources */,
				C044790122F0577500C70A9A /* ViewController.swift in Sources */,
				C04478FF22F0577500C70A9A /* AppDelegate.swift in Sources */,
			);
			runOnlyForDeploymentPostprocessing = 0;
		};
/* End PBXSourcesBuildPhase section */

/* Begin PBXVariantGroup section */
		C044790222F0577500C70A9A /* Main.storyboard */ = {
			isa = PBXVariantGroup;
			children = (
				C044790322F0577500C70A9A /* Base */,
			);
			name = Main.storyboard;
			sourceTree = "<group>";
		};
		C044790A22F0577700C70A9A /* LaunchScreen.storyboard */ = {
			isa = PBXVariantGroup;
			children = (
				C044790B22F0577700C70A9A /* Base */,
			);
			name = LaunchScreen.storyboard;
			sourceTree = "<group>";
		};
/* End PBXVariantGroup section */

/* Begin XCBuildConfiguration section */
		C044790E22F0577700C70A9A /* Debug */ = {
			isa = XCBuildConfiguration;
			buildSettings = {
				ALWAYS_SEARCH_USER_PATHS = NO;
				CLANG_ANALYZER_NONNULL = YES;
				CLANG_ANALYZER_NUMBER_OBJECT_CONVERSION = YES_AGGRESSIVE;
				CLANG_CXX_LANGUAGE_STANDARD = "gnu++14";
				CLANG_CXX_LIBRARY = "libc++";
				CLANG_ENABLE_MODULES = YES;
				CLANG_ENABLE_OBJC_ARC = YES;
				CLANG_ENABLE_OBJC_WEAK = YES;
				CLANG_WARN_BLOCK_CAPTURE_AUTORELEASING = YES;
				CLANG_WARN_BOOL_CONVERSION = YES;
				CLANG_WARN_COMMA = YES;
				CLANG_WARN_CONSTANT_CONVERSION = YES;
				CLANG_WARN_DEPRECATED_OBJC_IMPLEMENTATIONS = YES;
				CLANG_WARN_DIRECT_OBJC_ISA_USAGE = YES_ERROR;
				CLANG_WARN_DOCUMENTATION_COMMENTS = YES;
				CLANG_WARN_EMPTY_BODY = YES;
				CLANG_WARN_ENUM_CONVERSION = YES;
				CLANG_WARN_INFINITE_RECURSION = YES;
				CLANG_WARN_INT_CONVERSION = YES;
				CLANG_WARN_NON_LITERAL_NULL_CONVERSION = YES;
				CLANG_WARN_OBJC_IMPLICIT_RETAIN_SELF = YES;
				CLANG_WARN_OBJC_LITERAL_CONVERSION = YES;
				CLANG_WARN_OBJC_ROOT_CLASS = YES_ERROR;
				CLANG_WARN_RANGE_LOOP_ANALYSIS = YES;
				CLANG_WARN_STRICT_PROTOTYPES = YES;
				CLANG_WARN_SUSPICIOUS_MOVE = YES;
				CLANG_WARN_UNGUARDED_AVAILABILITY = YES_AGGRESSIVE;
				CLANG_WARN_UNREACHABLE_CODE = YES;
				CLANG_WARN__DUPLICATE_METHOD_MATCH = YES;
				CODE_SIGN_IDENTITY = "iPhone Developer";
				COPY_PHASE_STRIP = NO;
				DEBUG_INFORMATION_FORMAT = dwarf;
				ENABLE_STRICT_OBJC_MSGSEND = YES;
				ENABLE_TESTABILITY = YES;
				GCC_C_LANGUAGE_STANDARD = gnu11;
				GCC_DYNAMIC_NO_PIC = NO;
				GCC_NO_COMMON_BLOCKS = YES;
				GCC_OPTIMIZATION_LEVEL = 0;
				GCC_PREPROCESSOR_DEFINITIONS = (
					"DEBUG=1",
					"$(inherited)",
				);
				GCC_WARN_64_TO_32_BIT_CONVERSION = YES;
				GCC_WARN_ABOUT_RETURN_TYPE = YES_ERROR;
				GCC_WARN_UNDECLARED_SELECTOR = YES;
				GCC_WARN_UNINITIALIZED_AUTOS = YES_AGGRESSIVE;
				GCC_WARN_UNUSED_FUNCTION = YES;
				GCC_WARN_UNUSED_VARIABLE = YES;
				IPHONEOS_DEPLOYMENT_TARGET = 12.2;
				MTL_ENABLE_DEBUG_INFO = INCLUDE_SOURCE;
				MTL_FAST_MATH = YES;
				ONLY_ACTIVE_ARCH = YES;
				SDKROOT = iphoneos;
				SWIFT_ACTIVE_COMPILATION_CONDITIONS = DEBUG;
				SWIFT_OPTIMIZATION_LEVEL = "-Onone";
			};
			name = Debug;
		};
		C044790F22F0577700C70A9A /* Release */ = {
			isa = XCBuildConfiguration;
			buildSettings = {
				ALWAYS_SEARCH_USER_PATHS = NO;
				CLANG_ANALYZER_NONNULL = YES;
				CLANG_ANALYZER_NUMBER_OBJECT_CONVERSION = YES_AGGRESSIVE;
				CLANG_CXX_LANGUAGE_STANDARD = "gnu++14";
				CLANG_CXX_LIBRARY = "libc++";
				CLANG_ENABLE_MODULES = YES;
				CLANG_ENABLE_OBJC_ARC = YES;
				CLANG_ENABLE_OBJC_WEAK = YES;
				CLANG_WARN_BLOCK_CAPTURE_AUTORELEASING = YES;
				CLANG_WARN_BOOL_CONVERSION = YES;
				CLANG_WARN_COMMA = YES;
				CLANG_WARN_CONSTANT_CONVERSION = YES;
				CLANG_WARN_DEPRECATED_OBJC_IMPLEMENTATIONS = YES;
				CLANG_WARN_DIRECT_OBJC_ISA_USAGE = YES_ERROR;
				CLANG_WARN_DOCUMENTATION_COMMENTS = YES;
				CLANG_WARN_EMPTY_BODY = YES;
				CLANG_WARN_ENUM_CONVERSION = YES;
				CLANG_WARN_INFINITE_RECURSION = YES;
				CLANG_WARN_INT_CONVERSION = YES;
				CLANG_WARN_NON_LITERAL_NULL_CONVERSION = YES;
				CLANG_WARN_OBJC_IMPLICIT_RETAIN_SELF = YES;
				CLANG_WARN_OBJC_LITERAL_CONVERSION = YES;
				CLANG_WARN_OBJC_ROOT_CLASS = YES_ERROR;
				CLANG_WARN_RANGE_LOOP_ANALYSIS = YES;
				CLANG_WARN_STRICT_PROTOTYPES = YES;
				CLANG_WARN_SUSPICIOUS_MOVE = YES;
				CLANG_WARN_UNGUARDED_AVAILABILITY = YES_AGGRESSIVE;
				CLANG_WARN_UNREACHABLE_CODE = YES;
				CLANG_WARN__DUPLICATE_METHOD_MATCH = YES;
				CODE_SIGN_IDENTITY = "iPhone Developer";
				COPY_PHASE_STRIP = NO;
				DEBUG_INFORMATION_FORMAT = "dwarf-with-dsym";
				ENABLE_NS_ASSERTIONS = NO;
				ENABLE_STRICT_OBJC_MSGSEND = YES;
				GCC_C_LANGUAGE_STANDARD = gnu11;
				GCC_NO_COMMON_BLOCKS = YES;
				GCC_WARN_64_TO_32_BIT_CONVERSION = YES;
				GCC_WARN_ABOUT_RETURN_TYPE = YES_ERROR;
				GCC_WARN_UNDECLARED_SELECTOR = YES;
				GCC_WARN_UNINITIALIZED_AUTOS = YES_AGGRESSIVE;
				GCC_WARN_UNUSED_FUNCTION = YES;
				GCC_WARN_UNUSED_VARIABLE = YES;
				IPHONEOS_DEPLOYMENT_TARGET = 12.2;
				MTL_ENABLE_DEBUG_INFO = NO;
				MTL_FAST_MATH = YES;
				SDKROOT = iphoneos;
				SWIFT_COMPILATION_MODE = wholemodule;
				SWIFT_OPTIMIZATION_LEVEL = "-O";
				VALIDATE_PRODUCT = YES;
			};
			name = Release;
		};
		C044791122F0577700C70A9A /* Debug */ = {
			isa = XCBuildConfiguration;
			buildSettings = {
				ASSETCATALOG_COMPILER_APPICON_NAME = AppIcon;
				CODE_SIGN_STYLE = Automatic;
				DEVELOPMENT_TEAM = K5HP44CRRX;
				INFOPLIST_FILE = SeatMatchingiOS/Info.plist;
				LD_RUNPATH_SEARCH_PATHS = (
					"$(inherited)",
					"@executable_path/Frameworks",
				);
				PRODUCT_BUNDLE_IDENTIFIER = com.team9bota.SeatMatchingiOS;
				PRODUCT_NAME = "$(TARGET_NAME)";
				SWIFT_VERSION = 5.0;
				TARGETED_DEVICE_FAMILY = "1,2";
			};
			name = Debug;
		};
		C044791222F0577700C70A9A /* Release */ = {
			isa = XCBuildConfiguration;
			buildSettings = {
				ASSETCATALOG_COMPILER_APPICON_NAME = AppIcon;
				CODE_SIGN_STYLE = Automatic;
				DEVELOPMENT_TEAM = K5HP44CRRX;
				INFOPLIST_FILE = SeatMatchingiOS/Info.plist;
				LD_RUNPATH_SEARCH_PATHS = (
					"$(inherited)",
					"@executable_path/Frameworks",
				);
				PRODUCT_BUNDLE_IDENTIFIER = com.team9bota.SeatMatchingiOS;
				PRODUCT_NAME = "$(TARGET_NAME)";
				SWIFT_VERSION = 5.0;
				TARGETED_DEVICE_FAMILY = "1,2";
			};
			name = Release;
		};
/* End XCBuildConfiguration section */

/* Begin XCConfigurationList section */
		C04478F622F0577500C70A9A /* Build configuration list for PBXProject "SeatMatchingiOS" */ = {
			isa = XCConfigurationList;
			buildConfigurations = (
				C044790E22F0577700C70A9A /* Debug */,
				C044790F22F0577700C70A9A /* Release */,
			);
			defaultConfigurationIsVisible = 0;
			defaultConfigurationName = Release;
		};
		C044791022F0577700C70A9A /* Build configuration list for PBXNativeTarget "SeatMatchingiOS" */ = {
			isa = XCConfigurationList;
			buildConfigurations = (
				C044791122F0577700C70A9A /* Debug */,
				C044791222F0577700C70A9A /* Release */,
			);
			defaultConfigurationIsVisible = 0;
			defaultConfigurationName = Release;
		};
/* End XCConfigurationList section */

/* Begin XCVersionGroup section */
		C044790522F0577500C70A9A /* SeatMatchingiOS.xcdatamodeld */ = {
			isa = XCVersionGroup;
			children = (
				C044790622F0577500C70A9A /* SeatMatchingiOS.xcdatamodel */,
			);
			currentVersion = C044790622F0577500C70A9A /* SeatMatchingiOS.xcdatamodel */;
			path = SeatMatchingiOS.xcdatamodeld;
			sourceTree = "<group>";
			versionGroupType = wrapper.xcdatamodel;
		};
/* End XCVersionGroup section */
	};
	rootObject = C04478F322F0577500C70A9A /* Project object */;
}
